
Microsoft Visual Studio Solution File, Format Version 11.00
# Visual Studio 2010
Project("{FAE04EC0-301F-11D3-BF4B-00C04F79EFBC}") = "BorrrowBook", "BorrrowBook\BorrrowBook.csproj", "{261B1A3F-6549-4093-8E2A-1C979FD434A2}"
EndProject
Global
	GlobalSection(SolutionConfigurationPlatforms) = preSolution
		Debug|Any CPU = Debug|Any CPU
		Release|Any CPU = Release|Any CPU
	EndGlobalSection
	GlobalSection(ProjectConfigurationPlatforms) = postSolution
		{261B1A3F-6549-4093-8E2A-1C979FD434A2}.Debug|Any CPU.ActiveCfg = Debug|Any CPU
		{261B1A3F-6549-4093-8E2A-1C979FD434A2}.Debug|Any CPU.Build.0 = Debug|Any CPU
		{261B1A3F-6549-4093-8E2A-1C979FD434A2}.Release|Any CPU.ActiveCfg = Release|Any CPU
		{261B1A3F-6549-4093-8E2A-1C979FD434A2}.Release|Any CPU.Build.0 = Release|Any CPU
	EndGlobalSection
	GlobalSection(SolutionProperties) = preSolution
		HideSolutionNode = FALSE
	EndGlobalSection
EndGlobal
